{
  "lockfileVersion": 1,
  "configVersion": 1,
  "workspaces": {
    "": {
      "name": "mdv",
      "dependencies": {
        "chokidar": "^5.0.0",
        "highlight.js": "^11.9.0",
        "hono": "^3.12.8",
        "marked": "^11.1.1",
        "marked-highlight": "^2.0.6",
        "onnxruntime-node": "^1.24.3",
      },
      "devDependencies": {
        "@playwright/test": "^1.55.0",
        "@types/bun": "latest",
        "esbuild": "^0.27.3",
        "tsx": "^4.21.0",
        "typescript": "^5.9.3",
      },
    },
  },
  "packages": {
    "@esbuild/aix-ppc64": ["@esbuild/aix-ppc64@0.27.3", "http://r.npm.sankuai.com/@esbuild/aix-ppc64/download/@esbuild/aix-ppc64-0.27.3.tgz", { "os": "aix", "cpu": "ppc64" }, "sha1-gVs5Jn+b/9NAfqbDdqwylG4k+NI="],

    "@esbuild/android-arm": ["@esbuild/android-arm@0.27.3", "http://r.npm.sankuai.com/@esbuild/android-arm/download/@esbuild/android-arm-0.27.3.tgz", { "os": "android", "cpu": "arm" }, "sha1-kL5Y3ieRXvont2f8vbN6RHBifXs="],

    "@esbuild/android-arm64": ["@esbuild/android-arm64@0.27.3", "http://r.npm.sankuai.com/@esbuild/android-arm64/download/@esbuild/android-arm64-0.27.3.tgz", { "os": "android", "cpu": "arm64" }, "sha1-GbiCQIgprY4SsQr/KEBxGy2jYeg="],

    "@esbuild/android-x64": ["@esbuild/android-x64@0.27.3", "http://r.npm.sankuai.com/@esbuild/android-x64/download/@esbuild/android-x64-0.27.3.tgz", { "os": "android", "cpu": "x64" }, "sha1-19zJdvFuAamqovm5OPvsc4n4law="],

    "@esbuild/darwin-arm64": ["@esbuild/darwin-arm64@0.27.3", "http://r.npm.sankuai.com/@esbuild/darwin-arm64/download/@esbuild/darwin-arm64-0.27.3.tgz", { "os": "darwin", "cpu": "arm64" }, "sha1-n2yscrOoUyKYpqRJPtY5qJiOir0="],

    "@esbuild/darwin-x64": ["@esbuild/darwin-x64@0.27.3", "http://r.npm.sankuai.com/@esbuild/darwin-x64/download/@esbuild/darwin-x64-0.27.3.tgz", { "os": "darwin", "cpu": "x64" }, "sha1-rGHWRfqjf9ZQNA8YZrCBLh+xTWo="],

    "@esbuild/freebsd-arm64": ["@esbuild/freebsd-arm64@0.27.3", "http://r.npm.sankuai.com/@esbuild/freebsd-arm64/download/@esbuild/freebsd-arm64-0.27.3.tgz", { "os": "freebsd", "cpu": "arm64" }, "sha1-uGJWidc88YMP5Yw5BRrNwSR06hs="],

    "@esbuild/freebsd-x64": ["@esbuild/freebsd-x64@0.27.3", "http://r.npm.sankuai.com/@esbuild/freebsd-x64/download/@esbuild/freebsd-x64-0.27.3.tgz", { "os": "freebsd", "cpu": "x64" }, "sha1-B75908nUL+DszSq5+d7XgLxTvq0="],

    "@esbuild/linux-arm": ["@esbuild/linux-arm@0.27.3", "http://r.npm.sankuai.com/@esbuild/linux-arm/download/@esbuild/linux-arm-0.27.3.tgz", { "os": "linux", "cpu": "arm" }, "sha1-KEk+5Gq+wdw/UAIjzZ+NLfCPnRE="],

    "@esbuild/linux-arm64": ["@esbuild/linux-arm64@0.27.3", "http://r.npm.sankuai.com/@esbuild/linux-arm64/download/@esbuild/linux-arm64-0.27.3.tgz", { "os": "linux", "cpu": "arm64" }, "sha1-vzGRj+XHmFhkYNKz1sRu0sAcoLY="],

    "@esbuild/linux-ia32": ["@esbuild/linux-ia32@0.27.3", "http://r.npm.sankuai.com/@esbuild/linux-ia32/download/@esbuild/linux-ia32-0.27.3.tgz", { "os": "linux", "cpu": "ia32" }, "sha1-dQdSqLMLQ2R0AlYe6nZNCkHQ7ik="],

    "@esbuild/linux-loong64": ["@esbuild/linux-loong64@0.27.3", "http://r.npm.sankuai.com/@esbuild/linux-loong64/download/@esbuild/linux-loong64-0.27.3.tgz", { "os": "linux", "cpu": "none" }, "sha1-pakoE6BOcRmMUPBa368Y/B6Vue0="],

    "@esbuild/linux-mips64el": ["@esbuild/linux-mips64el@0.27.3", "http://r.npm.sankuai.com/@esbuild/linux-mips64el/download/@esbuild/linux-mips64el-0.27.3.tgz", { "os": "linux", "cpu": "none" }, "sha1-3rRdf9LSFh6t8fvFk2N+12bVC7E="],

    "@esbuild/linux-ppc64": ["@esbuild/linux-ppc64@0.27.3", "http://r.npm.sankuai.com/@esbuild/linux-ppc64/download/@esbuild/linux-ppc64-0.27.3.tgz", { "os": "linux", "cpu": "ppc64" }, "sha1-bzmuC4xNPS1hplsm33n24SocPXg="],

    "@esbuild/linux-riscv64": ["@esbuild/linux-riscv64@0.27.3", "http://r.npm.sankuai.com/@esbuild/linux-riscv64/download/@esbuild/linux-riscv64-0.27.3.tgz", { "os": "linux", "cpu": "none" }, "sha1-TFwZw5FmEuyOORUYcDC53wuVXB0="],

    "@esbuild/linux-s390x": ["@esbuild/linux-s390x@0.27.3", "http://r.npm.sankuai.com/@esbuild/linux-s390x/download/@esbuild/linux-s390x-0.27.3.tgz", { "os": "linux", "cpu": "s390x" }, "sha1-ntF7MZj6CK1cyqnnT2wK/3rQFW0="],

    "@esbuild/linux-x64": ["@esbuild/linux-x64@0.27.3", "http://r.npm.sankuai.com/@esbuild/linux-x64/download/@esbuild/linux-x64-0.27.3.tgz", { "os": "linux", "cpu": "x64" }, "sha1-Ejg9y/cbfPZRPli0sI2VpxC/UqU="],

    "@esbuild/netbsd-arm64": ["@esbuild/netbsd-arm64@0.27.3", "http://r.npm.sankuai.com/@esbuild/netbsd-arm64/download/@esbuild/netbsd-arm64-0.27.3.tgz", { "os": "none", "cpu": "arm64" }, "sha1-3Qyy+lQyBfzZMd9E9Hhr/M5t99c="],

    "@esbuild/netbsd-x64": ["@esbuild/netbsd-x64@0.27.3", "http://r.npm.sankuai.com/@esbuild/netbsd-x64/download/@esbuild/netbsd-x64-0.27.3.tgz", { "os": "none", "cpu": "x64" }, "sha1-AorRgHqOA+FVFTstAltQbDeHNUs="],

    "@esbuild/openbsd-arm64": ["@esbuild/openbsd-arm64@0.27.3", "http://r.npm.sankuai.com/@esbuild/openbsd-arm64/download/@esbuild/openbsd-arm64-0.27.3.tgz", { "os": "openbsd", "cpu": "arm64" }, "sha1-48Fv80kMm1m5af/8qH81D/wOKvU="],

    "@esbuild/openbsd-x64": ["@esbuild/openbsd-x64@0.27.3", "http://r.npm.sankuai.com/@esbuild/openbsd-x64/download/@esbuild/openbsd-x64-0.27.3.tgz", { "os": "openbsd", "cpu": "x64" }, "sha1-xaRpP8sD0cvsv4tCJCJGjfwNKos="],

    "@esbuild/openharmony-arm64": ["@esbuild/openharmony-arm64@0.27.3", "http://r.npm.sankuai.com/@esbuild/openharmony-arm64/download/@esbuild/openharmony-arm64-0.27.3.tgz", { "os": "none", "cpu": "arm64" }, "sha1-CCCCRE8S21ZKB3WkHhmRwOElBV4="],

    "@esbuild/sunos-x64": ["@esbuild/sunos-x64@0.27.3", "http://r.npm.sankuai.com/@esbuild/sunos-x64/download/@esbuild/sunos-x64-0.27.3.tgz", { "os": "sunos", "cpu": "x64" }, "sha1-WrA2xT+SnoQFxOluhlpCQWChtTc="],

    "@esbuild/win32-arm64": ["@esbuild/win32-arm64@0.27.3", "http://r.npm.sankuai.com/@esbuild/win32-arm64/download/@esbuild/win32-arm64-0.27.3.tgz", { "os": "win32", "cpu": "arm64" }, "sha1-ON5wDvS5YKAEU3DBcXlFJuWJhi4="],

    "@esbuild/win32-ia32": ["@esbuild/win32-ia32@0.27.3", "http://r.npm.sankuai.com/@esbuild/win32-ia32/download/@esbuild/win32-ia32-0.27.3.tgz", { "os": "win32", "cpu": "ia32" }, "sha1-RRuT3APsXU84YZ5s1k2fnv8G9Vw="],

    "@esbuild/win32-x64": ["@esbuild/win32-x64@0.27.3", "http://r.npm.sankuai.com/@esbuild/win32-x64/download/@esbuild/win32-x64-0.27.3.tgz", { "os": "win32", "cpu": "x64" }, "sha1-Dq9wXJQaIYpD26jgnx3x1s0vHxc="],

    "@playwright/test": ["@playwright/test@1.58.2", "http://mirrors.cloud.tencent.com/npm/@playwright/test/-/test-1.58.2.tgz", { "dependencies": { "playwright": "1.58.2" }, "bin": { "playwright": "cli.js" } }, "sha512-akea+6bHYBBfA9uQqSYmlJXn61cTa+jbO87xVLCWbTqbWadRVmhxlXATaOjOgcBaWU4ePo0wB41KMFv3o35IXA=="],

    "@types/bun": ["@types/bun@1.3.9", "http://r.npm.sankuai.com/@types/bun/download/@types/bun-1.3.9.tgz", { "dependencies": { "bun-types": "1.3.9" } }, "sha1-pe2A6hTW1Bl/oytuCmUaBbcUNlc="],

    "@types/node": ["@types/node@25.3.1", "http://r.npm.sankuai.com/@types/node/download/@types/node-25.3.1.tgz", { "dependencies": { "undici-types": "~7.18.0" } }, "sha1-gvP24wrDtIVgoJLZIkqXW1wk440="],

    "adm-zip": ["adm-zip@0.5.17", "https://mirrors.cloud.tencent.com/npm/adm-zip/-/adm-zip-0.5.17.tgz", {}, "sha512-+Ut8d9LLqwEvHHJl1+PIHqoyDxFgVN847JTVM3Izi3xHDWPE4UtzzXysMZQs64DMcrJfBeS/uoEP4AD3HQHnQQ=="],

    "boolean": ["boolean@3.2.0", "https://mirrors.cloud.tencent.com/npm/boolean/-/boolean-3.2.0.tgz", {}, "sha512-d0II/GO9uf9lfUHH2BQsjxzRJZBdsjgsBiW4BvhWk/3qoKwQFjIDVN19PfX8F2D/r9PCMTtLWjYVCFrpeYUzsw=="],

    "bun-types": ["bun-types@1.3.9", "http://r.npm.sankuai.com/bun-types/download/bun-types-1.3.9.tgz", { "dependencies": { "@types/node": "*" } }, "sha1-LQCWJOGbjBIkcrxD3HcKep2wlUA="],

    "chokidar": ["chokidar@5.0.0", "http://r.npm.sankuai.com/chokidar/download/chokidar-5.0.0.tgz", { "dependencies": { "readdirp": "^5.0.0" } }, "sha1-lJwSapI4qAeSvpoCZZNPCYrzaaU="],

    "define-data-property": ["define-data-property@1.1.4", "https://mirrors.cloud.tencent.com/npm/define-data-property/-/define-data-property-1.1.4.tgz", { "dependencies": { "es-define-property": "^1.0.0", "es-errors": "^1.3.0", "gopd": "^1.0.1" } }, "sha512-rBMvIzlpA8v6E+SJZoo++HAYqsLrkg7MSfIinMPFhmkorw7X+dOXVJQs+QT69zGkzMyfDnIMN2Wid1+NbL3T+A=="],

    "define-properties": ["define-properties@1.2.1", "https://mirrors.cloud.tencent.com/npm/define-properties/-/define-properties-1.2.1.tgz", { "dependencies": { "define-data-property": "^1.0.1", "has-property-descriptors": "^1.0.0", "object-keys": "^1.1.1" } }, "sha512-8QmQKqEASLd5nx0U1B1okLElbUuuttJ/AnYmRXbbbGDWh6uS208EjD4Xqq/I9wK7u0v6O08XhTWnt5XtEbR6Dg=="],

    "detect-node": ["detect-node@2.1.0", "https://mirrors.cloud.tencent.com/npm/detect-node/-/detect-node-2.1.0.tgz", {}, "sha512-T0NIuQpnTvFDATNuHN5roPwSBG83rFsuO+MXXH9/3N1eFbn4wcPjttvjMLEPWJ0RGUYgQE7cGgS3tNxbqCGM7g=="],

    "es-define-property": ["es-define-property@1.0.1", "https://mirrors.cloud.tencent.com/npm/es-define-property/-/es-define-property-1.0.1.tgz", {}, "sha512-e3nRfgfUZ4rNGL232gUgX06QNyyez04KdjFrF+LTRoOXmrOgFKDg4BCdsjW8EnT69eqdYGmRpJwiPVYNrCaW3g=="],

    "es-errors": ["es-errors@1.3.0", "https://mirrors.cloud.tencent.com/npm/es-errors/-/es-errors-1.3.0.tgz", {}, "sha512-Zf5H2Kxt2xjTvbJvP2ZWLEICxA6j+hAmMzIlypy4xcBg1vKVnx89Wy0GbS+kf5cwCVFFzdCFh2XSCFNULS6csw=="],

    "es6-error": ["es6-error@4.1.1", "https://mirrors.cloud.tencent.com/npm/es6-error/-/es6-error-4.1.1.tgz", {}, "sha512-Um/+FxMr9CISWh0bi5Zv0iOD+4cFh5qLeks1qhAopKVAJw3drgKbKySikp7wGhDL0HPeaja0P5ULZrxLkniUVg=="],

    "esbuild": ["esbuild@0.27.3", "http://r.npm.sankuai.com/esbuild/download/esbuild-0.27.3.tgz", { "optionalDependencies": { "@esbuild/aix-ppc64": "0.27.3", "@esbuild/android-arm": "0.27.3", "@esbuild/android-arm64": "0.27.3", "@esbuild/android-x64": "0.27.3", "@esbuild/darwin-arm64": "0.27.3", "@esbuild/darwin-x64": "0.27.3", "@esbuild/freebsd-arm64": "0.27.3", "@esbuild/freebsd-x64": "0.27.3", "@esbuild/linux-arm": "0.27.3", "@esbuild/linux-arm64": "0.27.3", "@esbuild/linux-ia32": "0.27.3", "@esbuild/linux-loong64": "0.27.3", "@esbuild/linux-mips64el": "0.27.3", "@esbuild/linux-ppc64": "0.27.3", "@esbuild/linux-riscv64": "0.27.3", "@esbuild/linux-s390x": "0.27.3", "@esbuild/linux-x64": "0.27.3", "@esbuild/netbsd-arm64": "0.27.3", "@esbuild/netbsd-x64": "0.27.3", "@esbuild/openbsd-arm64": "0.27.3", "@esbuild/openbsd-x64": "0.27.3", "@esbuild/openharmony-arm64": "0.27.3", "@esbuild/sunos-x64": "0.27.3", "@esbuild/win32-arm64": "0.27.3", "@esbuild/win32-ia32": "0.27.3", "@esbuild/win32-x64": "0.27.3" }, "bin": { "esbuild": "bin/esbuild" } }, "sha1-WFnKjnCjr5VrJolc5JVNfnO9J6g="],

    "escape-string-regexp": ["escape-string-regexp@4.0.0", "https://mirrors.cloud.tencent.com/npm/escape-string-regexp/-/escape-string-regexp-4.0.0.tgz", {}, "sha512-TtpcNJ3XAzx3Gq8sWRzJaVajRs0uVxA2YAkdb1jm2YkPz4G6egUFAyA3n5vtEIZefPk5Wa4UXbKuS5fKkJWdgA=="],

    "fsevents": ["fsevents@2.3.3", "https://mirrors.cloud.tencent.com/npm/fsevents/-/fsevents-2.3.3.tgz", { "os": "darwin" }, "sha512-5xoDfX+fL7faATnagmWPpbFtwh/R77WmMMqqHGS65C3vvB0YHrgF+B1YmZ3441tMj5n63k0212XNoJwzlhffQw=="],

    "get-tsconfig": ["get-tsconfig@4.13.7", "https://mirrors.cloud.tencent.com/npm/get-tsconfig/-/get-tsconfig-4.13.7.tgz", { "dependencies": { "resolve-pkg-maps": "^1.0.0" } }, "sha512-7tN6rFgBlMgpBML5j8typ92BKFi2sFQvIdpAqLA2beia5avZDrMs0FLZiM5etShWq5irVyGcGMEA1jcDaK7A/Q=="],

    "global-agent": ["global-agent@3.0.0", "https://mirrors.cloud.tencent.com/npm/global-agent/-/global-agent-3.0.0.tgz", { "dependencies": { "boolean": "^3.0.1", "es6-error": "^4.1.1", "matcher": "^3.0.0", "roarr": "^2.15.3", "semver": "^7.3.2", "serialize-error": "^7.0.1" } }, "sha512-PT6XReJ+D07JvGoxQMkT6qji/jVNfX/h364XHZOWeRzy64sSFr+xJ5OX7LI3b4MPQzdL4H8Y8M0xzPpsVMwA8Q=="],

    "globalthis": ["globalthis@1.0.4", "https://mirrors.cloud.tencent.com/npm/globalthis/-/globalthis-1.0.4.tgz", { "dependencies": { "define-properties": "^1.2.1", "gopd": "^1.0.1" } }, "sha512-DpLKbNU4WylpxJykQujfCcwYWiV/Jhm50Goo0wrVILAv5jOr9d+H+UR3PhSCD2rCCEIg0uc+G+muBTwD54JhDQ=="],

    "gopd": ["gopd@1.2.0", "https://mirrors.cloud.tencent.com/npm/gopd/-/gopd-1.2.0.tgz", {}, "sha512-ZUKRh6/kUFoAiTAtTYPZJ3hw9wNxx+BIBOijnlG9PnrJsCcSjs1wyyD6vJpaYtgnzDrKYRSqf3OO6Rfa93xsRg=="],

    "has-property-descriptors": ["has-property-descriptors@1.0.2", "https://mirrors.cloud.tencent.com/npm/has-property-descriptors/-/has-property-descriptors-1.0.2.tgz", { "dependencies": { "es-define-property": "^1.0.0" } }, "sha512-55JNKuIW+vq4Ke1BjOTjM2YctQIvCT7GFzHwmfZPGo5wnrgkid0YQtnAleFSqumZm4az3n2BS+erby5ipJdgrg=="],

    "highlight.js": ["highlight.js@11.11.1", "http://r.npm.sankuai.com/highlight.js/download/highlight.js-11.11.1.tgz", {}, "sha1-/KBvoOWu7PbE1DcjkTX6vBUhNYU="],

    "hono": ["hono@3.12.12", "http://r.npm.sankuai.com/hono/download/hono-3.12.12.tgz", {}, "sha1-G3Jf6yYE0bLVDDqMEVlMyh20Yvg="],

    "json-stringify-safe": ["json-stringify-safe@5.0.1", "https://mirrors.cloud.tencent.com/npm/json-stringify-safe/-/json-stringify-safe-5.0.1.tgz", {}, "sha512-ZClg6AaYvamvYEE82d3Iyd3vSSIjQ+odgjaTzRuO3s7toCdFKczob2i0zCh7JE8kWn17yvAWhUVxvqGwUalsRA=="],

    "marked": ["marked@11.2.0", "http://r.npm.sankuai.com/marked/download/marked-11.2.0.tgz", { "bin": { "marked": "bin/marked.js" } }, "sha1-/JCK7KlityGwOS7kIF5vkOv/sHQ="],

    "marked-highlight": ["marked-highlight@2.2.3", "http://r.npm.sankuai.com/marked-highlight/download/marked-highlight-2.2.3.tgz", { "peerDependencies": { "marked": ">=4 <18" } }, "sha1-5+XnzPsWmTVsOkXYUduP6YNokXI="],

    "matcher": ["matcher@3.0.0", "https://mirrors.cloud.tencent.com/npm/matcher/-/matcher-3.0.0.tgz", { "dependencies": { "escape-string-regexp": "^4.0.0" } }, "sha512-OkeDaAZ/bQCxeFAozM55PKcKU0yJMPGifLwV4Qgjitu+5MoAfSQN4lsLJeXZ1b8w0x+/Emda6MZgXS1jvsapng=="],

    "object-keys": ["object-keys@1.1.1", "https://mirrors.cloud.tencent.com/npm/object-keys/-/object-keys-1.1.1.tgz", {}, "sha512-NuAESUOUMrlIXOfHKzD6bpPu3tYt3xvjNdRIQ+FeT0lNb4K8WR70CaDxhuNguS2XG+GjkyMwOzsN5ZktImfhLA=="],

    "onnxruntime-common": ["onnxruntime-common@1.24.3", "https://mirrors.cloud.tencent.com/npm/onnxruntime-common/-/onnxruntime-common-1.24.3.tgz", {}, "sha512-GeuPZO6U/LBJXvwdaqHbuUmoXiEdeCjWi/EG7Y1HNnDwJYuk6WUbNXpF6luSUY8yASul3cmUlLGrCCL1ZgVXqA=="],

    "onnxruntime-node": ["onnxruntime-node@1.24.3", "https://mirrors.cloud.tencent.com/npm/onnxruntime-node/-/onnxruntime-node-1.24.3.tgz", { "dependencies": { "adm-zip": "^0.5.16", "global-agent": "^3.0.0", "onnxruntime-common": "1.24.3" }, "os": [ "linux", "win32", "darwin", ] }, "sha512-JH7+czbc8ALA819vlTgcV+Q214/+VjGeBHDjX81+ZCD0PCVCIFGFNtT0V4sXG/1JXypKPgScQcB3ij/hk3YnTg=="],

    "playwright": ["playwright@1.58.2", "http://mirrors.cloud.tencent.com/npm/playwright/-/playwright-1.58.2.tgz", { "dependencies": { "playwright-core": "1.58.2" }, "optionalDependencies": { "fsevents": "2.3.2" }, "bin": { "playwright": "cli.js" } }, "sha512-vA30H8Nvkq/cPBnNw4Q8TWz1EJyqgpuinBcHET0YVJVFldr8JDNiU9LaWAE1KqSkRYazuaBhTpB5ZzShOezQ6A=="],

    "playwright-core": ["playwright-core@1.58.2", "http://mirrors.cloud.tencent.com/npm/playwright-core/-/playwright-core-1.58.2.tgz", { "bin": { "playwright-core": "cli.js" } }, "sha512-yZkEtftgwS8CsfYo7nm0KE8jsvm6i/PTgVtB8DL726wNf6H2IMsDuxCpJj59KDaxCtSnrWan2AeDqM7JBaultg=="],

    "readdirp": ["readdirp@5.0.0", "http://r.npm.sankuai.com/readdirp/download/readdirp-5.0.0.tgz", {}, "sha1-+/H3GnJ4kdaFuxeG+bp0CE9uL5E="],

    "resolve-pkg-maps": ["resolve-pkg-maps@1.0.0", "https://mirrors.cloud.tencent.com/npm/resolve-pkg-maps/-/resolve-pkg-maps-1.0.0.tgz", {}, "sha512-seS2Tj26TBVOC2NIc2rOe2y2ZO7efxITtLZcGSOnHHNOQ7CkiUBfw0Iw2ck6xkIhPwLhKNLS8BO+hEpngQlqzw=="],

    "roarr": ["roarr@2.15.4", "https://mirrors.cloud.tencent.com/npm/roarr/-/roarr-2.15.4.tgz", { "dependencies": { "boolean": "^3.0.1", "detect-node": "^2.0.4", "globalthis": "^1.0.1", "json-stringify-safe": "^5.0.1", "semver-compare": "^1.0.0", "sprintf-js": "^1.1.2" } }, "sha512-CHhPh+UNHD2GTXNYhPWLnU8ONHdI+5DI+4EYIAOaiD63rHeYlZvyh8P+in5999TTSFgUYuKUAjzRI4mdh/p+2A=="],

    "semver": ["semver@7.7.4", "https://mirrors.cloud.tencent.com/npm/semver/-/semver-7.7.4.tgz", { "bin": { "semver": "bin/semver.js" } }, "sha512-vFKC2IEtQnVhpT78h1Yp8wzwrf8CM+MzKMHGJZfBtzhZNycRFnXsHk6E5TxIkkMsgNS7mdX3AGB7x2QM2di4lA=="],

    "semver-compare": ["semver-compare@1.0.0", "https://mirrors.cloud.tencent.com/npm/semver-compare/-/semver-compare-1.0.0.tgz", {}, "sha512-YM3/ITh2MJ5MtzaM429anh+x2jiLVjqILF4m4oyQB18W7Ggea7BfqdH/wGMK7dDiMghv/6WG7znWMwUDzJiXow=="],

    "serialize-error": ["serialize-error@7.0.1", "https://mirrors.cloud.tencent.com/npm/serialize-error/-/serialize-error-7.0.1.tgz", { "dependencies": { "type-fest": "^0.13.1" } }, "sha512-8I8TjW5KMOKsZQTvoxjuSIa7foAwPWGOts+6o7sgjz41/qMD9VQHEDxi6PBvK2l0MXUmqZyNpUK+T2tQaaElvw=="],

    "sprintf-js": ["sprintf-js@1.1.3", "https://mirrors.cloud.tencent.com/npm/sprintf-js/-/sprintf-js-1.1.3.tgz", {}, "sha512-Oo+0REFV59/rz3gfJNKQiBlwfHaSESl1pcGyABQsnnIfWOFt6JNj5gCog2U6MLZ//IGYD+nA8nI+mTShREReaA=="],

    "tsx": ["tsx@4.21.0", "https://mirrors.cloud.tencent.com/npm/tsx/-/tsx-4.21.0.tgz", { "dependencies": { "esbuild": "~0.27.0", "get-tsconfig": "^4.7.5" }, "optionalDependencies": { "fsevents": "~2.3.3" }, "bin": { "tsx": "dist/cli.mjs" } }, "sha512-5C1sg4USs1lfG0GFb2RLXsdpXqBSEhAaA/0kPL01wxzpMqLILNxIxIOKiILz+cdg/pLnOUxFYOR5yhHU666wbw=="],

    "type-fest": ["type-fest@0.13.1", "https://mirrors.cloud.tencent.com/npm/type-fest/-/type-fest-0.13.1.tgz", {}, "sha512-34R7HTnG0XIJcBSn5XhDd7nNFPRcXYRZrBB2O2jdKqYODldSzBAqzsWoZYYvduky73toYS/ESqxPvkDf/F0XMg=="],

    "typescript": ["typescript@5.9.3", "http://r.npm.sankuai.com/typescript/download/typescript-5.9.3.tgz", { "bin": { "tsc": "bin/tsc", "tsserver": "bin/tsserver" } }, "sha1-W09Z4VMQqxeiFvXWz1PuR27eZw8="],

    "undici-types": ["undici-types@7.18.2", "http://r.npm.sankuai.com/undici-types/download/undici-types-7.18.2.tgz", {}, "sha1-KTV6iee3ykrvO/D9P9DNc4hCKek="],

    "playwright/fsevents": ["fsevents@2.3.2", "http://mirrors.cloud.tencent.com/npm/fsevents/-/fsevents-2.3.2.tgz", { "os": "darwin" }, "sha512-xiqMQR4xAeHTuB9uWm+fFRcIOgKBMiOBP+eXiyT7jsgVCq1bkVygt00oASowB7EdtpOHaaPgKt812P9ab+DDKA=="],
  }
}
